
Microsoft Visual Studio Solution File, Format Version 12.00
# Visual Studio 15
VisualStudioVersion = 15.0.27703.2026
MinimumVisualStudioVersion = 10.0.40219.1
Project("{FAE04EC0-301F-11D3-BF4B-00C04F79EFBC}") = "alphaRayTracer", "alphaRayTracer\alphaRayTracer.csproj", "{998B4128-D593-4D43-9432-876ECB481C20}"
EndProject
Global
	GlobalSection(SolutionConfigurationPlatforms) = preSolution
		Debug|Any CPU = Debug|Any CPU
		Release|Any CPU = Release|Any CPU
	EndGlobalSection
	GlobalSection(ProjectConfigurationPlatforms) = postSolution
		{998B4128-D593-4D43-9432-876ECB481C20}.Debug|Any CPU.ActiveCfg = Debug|Any CPU
		{998B4128-D593-4D43-9432-876ECB481C20}.Debug|Any CPU.Build.0 = Debug|Any CPU
		{998B4128-D593-4D43-9432-876ECB481C20}.Release|Any CPU.ActiveCfg = Release|Any CPU
		{998B4128-D593-4D43-9432-876ECB481C20}.Release|Any CPU.Build.0 = Release|Any CPU
	EndGlobalSection
	GlobalSection(SolutionProperties) = preSolution
		HideSolutionNode = FALSE
	EndGlobalSection
	GlobalSection(ExtensibilityGlobals) = postSolution
		SolutionGuid = {897BF0DF-927F-40D4-8761-6F923CBFFC9C}
	EndGlobalSection
EndGlobal
